// !$*UTF8*$!
{
	archiveVersion = 1;
	classes = {
	};
	objectVersion = 50;
	objects = {

/* Begin PBXBuildFile section */
		AA25141924C0EF06006F4D6F /* SignInView.swift in Sources */ = {isa = PBXBuildFile; fileRef = AA25141824C0EF06006F4D6F /* SignInView.swift */; };
		AA25141B24C0F1D1006F4D6F /* MyExtensions.swift in Sources */ = {isa = PBXBuildFile; fileRef = AA25141A24C0F1D1006F4D6F /* MyExtensions.swift */; };
		AA25141D24C0FBFD006F4D6F /* MyTextField.swift in Sources */ = {isa = PBXBuildFile; fileRef = AA25141C24C0FBFD006F4D6F /* MyTextField.swift */; };
		AA25141F24C104F1006F4D6F /* SignUpView.swift in Sources */ = {isa = PBXBuildFile; fileRef = AA25141E24C104F1006F4D6F /* SignUpView.swift */; };
		AA25142124C10A3B006F4D6F /* MySecureField.swift in Sources */ = {isa = PBXBuildFile; fileRef = AA25142024C10A3B006F4D6F /* MySecureField.swift */; };
		AA25142324C10C0D006F4D6F /* ForgotEmailView.swift in Sources */ = {isa = PBXBuildFile; fileRef = AA25142224C10C0D006F4D6F /* ForgotEmailView.swift */; };
		AA25142524C11A3F006F4D6F /* MyButton.swift in Sources */ = {isa = PBXBuildFile; fileRef = AA25142424C11A3F006F4D6F /* MyButton.swift */; };
		AA25142724C11DBC006F4D6F /* ProfileView.swift in Sources */ = {isa = PBXBuildFile; fileRef = AA25142624C11DBC006F4D6F /* ProfileView.swift */; };
		AA25142924C11DF7006F4D6F /* EventsView.swift in Sources */ = {isa = PBXBuildFile; fileRef = AA25142824C11DF7006F4D6F /* EventsView.swift */; };
		AA25142B24C11E13006F4D6F /* AppView.swift in Sources */ = {isa = PBXBuildFile; fileRef = AA25142A24C11E13006F4D6F /* AppView.swift */; };
		AA25142D24C122EE006F4D6F /* ImagePickerView.swift in Sources */ = {isa = PBXBuildFile; fileRef = AA25142C24C122EE006F4D6F /* ImagePickerView.swift */; };
		AA25142F24C124C2006F4D6F /* MyImage.swift in Sources */ = {isa = PBXBuildFile; fileRef = AA25142E24C124C2006F4D6F /* MyImage.swift */; };
		AA725F2124C0913100927A1B /* AppDelegate.swift in Sources */ = {isa = PBXBuildFile; fileRef = AA725F2024C0913100927A1B /* AppDelegate.swift */; };
		AA725F2324C0913100927A1B /* SceneDelegate.swift in Sources */ = {isa = PBXBuildFile; fileRef = AA725F2224C0913100927A1B /* SceneDelegate.swift */; };
		AA725F2524C0913100927A1B /* ContentView.swift in Sources */ = {isa = PBXBuildFile; fileRef = AA725F2424C0913100927A1B /* ContentView.swift */; };
		AA725F2724C0913100927A1B /* Assets.xcassets in Resources */ = {isa = PBXBuildFile; fileRef = AA725F2624C0913100927A1B /* Assets.xcassets */; };
		AA725F2A24C0913100927A1B /* Preview Assets.xcassets in Resources */ = {isa = PBXBuildFile; fileRef = AA725F2924C0913100927A1B /* Preview Assets.xcassets */; };
		AA725F2D24C0913100927A1B /* LaunchScreen.storyboard in Resources */ = {isa = PBXBuildFile; fileRef = AA725F2B24C0913100927A1B /* LaunchScreen.storyboard */; };
		AAAC3C4924C3639000F900EE /* MyText.swift in Sources */ = {isa = PBXBuildFile; fileRef = AAAC3C4824C3639000F900EE /* MyText.swift */; };
		AAAC3C4B24C3682800F900EE /* GoogleService-Info.plist in Resources */ = {isa = PBXBuildFile; fileRef = AAAC3C4A24C3682800F900EE /* GoogleService-Info.plist */; };
		AABF92ED24C211560073C661 /* SearchEventView.swift in Sources */ = {isa = PBXBuildFile; fileRef = AABF92EC24C211560073C661 /* SearchEventView.swift */; };
		AABF92EF24C22ABF0073C661 /* SettingsView.swift in Sources */ = {isa = PBXBuildFile; fileRef = AABF92EE24C22ABF0073C661 /* SettingsView.swift */; };
		AADC0A5624C1B87C0042CDA0 /* SignView.swift in Sources */ = {isa = PBXBuildFile; fileRef = AADC0A5524C1B87C0042CDA0 /* SignView.swift */; };
		AADC0A5924C1B9630042CDA0 /* User.swift in Sources */ = {isa = PBXBuildFile; fileRef = AADC0A5824C1B9630042CDA0 /* User.swift */; };
		AADC0A5B24C1C5660042CDA0 /* Event.swift in Sources */ = {isa = PBXBuildFile; fileRef = AADC0A5A24C1C5660042CDA0 /* Event.swift */; };
		E55FA6AFDAE83844BD60617E /* Pods_ituEvent.framework in Frameworks */ = {isa = PBXBuildFile; fileRef = 7BB390180CDFD3B4D3E1440D /* Pods_ituEvent.framework */; };
/* End PBXBuildFile section */

/* Begin PBXFileReference section */
		7BB390180CDFD3B4D3E1440D /* Pods_ituEvent.framework */ = {isa = PBXFileReference; explicitFileType = wrapper.framework; includeInIndex = 0; path = Pods_ituEvent.framework; sourceTree = BUILT_PRODUCTS_DIR; };
		A826BD8A16E82748B3D9F38D /* Pods-ituEvent.release.xcconfig */ = {isa = PBXFileReference; includeInIndex = 1; lastKnownFileType = text.xcconfig; name = "Pods-ituEvent.release.xcconfig"; path = "Target Support Files/Pods-ituEvent/Pods-ituEvent.release.xcconfig"; sourceTree = "<group>"; };
		AA25141824C0EF06006F4D6F /* SignInView.swift */ = {isa = PBXFileReference; lastKnownFileType = sourcecode.swift; path = SignInView.swift; sourceTree = "<group>"; usesTabs = 0; };
		AA25141A24C0F1D1006F4D6F /* MyExtensions.swift */ = {isa = PBXFileReference; lastKnownFileType = sourcecode.swift; path = MyExtensions.swift; sourceTree = "<group>"; };
		AA25141C24C0FBFD006F4D6F /* MyTextField.swift */ = {isa = PBXFileReference; lastKnownFileType = sourcecode.swift; path = MyTextField.swift; sourceTree = "<group>"; };
		AA25141E24C104F1006F4D6F /* SignUpView.swift */ = {isa = PBXFileReference; lastKnownFileType = sourcecode.swift; path = SignUpView.swift; sourceTree = "<group>"; };
		AA25142024C10A3B006F4D6F /* MySecureField.swift */ = {isa = PBXFileReference; lastKnownFileType = sourcecode.swift; path = MySecureField.swift; sourceTree = "<group>"; };
		AA25142224C10C0D006F4D6F /* ForgotEmailView.swift */ = {isa = PBXFileReference; lastKnownFileType = sourcecode.swift; path = ForgotEmailView.swift; sourceTree = "<group>"; };
		AA25142424C11A3F006F4D6F /* MyButton.swift */ = {isa = PBXFileReference; lastKnownFileType = sourcecode.swift; path = MyButton.swift; sourceTree = "<group>"; };
		AA25142624C11DBC006F4D6F /* ProfileView.swift */ = {isa = PBXFileReference; lastKnownFileType = sourcecode.swift; path = ProfileView.swift; sourceTree = "<group>"; };
		AA25142824C11DF7006F4D6F /* EventsView.swift */ = {isa = PBXFileReference; lastKnownFileType = sourcecode.swift; path = EventsView.swift; sourceTree = "<group>"; };
		AA25142A24C11E13006F4D6F /* AppView.swift */ = {isa = PBXFileReference; lastKnownFileType = sourcecode.swift; path = AppView.swift; sourceTree = "<group>"; };
		AA25142C24C122EE006F4D6F /* ImagePickerView.swift */ = {isa = PBXFileReference; lastKnownFileType = sourcecode.swift; path = ImagePickerView.swift; sourceTree = "<group>"; };
		AA25142E24C124C2006F4D6F /* MyImage.swift */ = {isa = PBXFileReference; lastKnownFileType = sourcecode.swift; path = MyImage.swift; sourceTree = "<group>"; };
		AA725F1D24C0913100927A1B /* ituEvent.app */ = {isa = PBXFileReference; explicitFileType = wrapper.application; includeInIndex = 0; path = ituEvent.app; sourceTree = BUILT_PRODUCTS_DIR; };
		AA725F2024C0913100927A1B /* AppDelegate.swift */ = {isa = PBXFileReference; lastKnownFileType = sourcecode.swift; path = AppDelegate.swift; sourceTree = "<group>"; };
		AA725F2224C0913100927A1B /* SceneDelegate.swift */ = {isa = PBXFileReference; lastKnownFileType = sourcecode.swift; path = SceneDelegate.swift; sourceTree = "<group>"; };
		AA725F2424C0913100927A1B /* ContentView.swift */ = {isa = PBXFileReference; lastKnownFileType = sourcecode.swift; path = ContentView.swift; sourceTree = "<group>"; };
		AA725F2624C0913100927A1B /* Assets.xcassets */ = {isa = PBXFileReference; lastKnownFileType = folder.assetcatalog; path = Assets.xcassets; sourceTree = "<group>"; };
		AA725F2924C0913100927A1B /* Preview Assets.xcassets */ = {isa = PBXFileReference; lastKnownFileType = folder.assetcatalog; path = "Preview Assets.xcassets"; sourceTree = "<group>"; };
		AA725F2C24C0913100927A1B /* Base */ = {isa = PBXFileReference; lastKnownFileType = file.storyboard; name = Base; path = Base.lproj/LaunchScreen.storyboard; sourceTree = "<group>"; };
		AA725F2E24C0913100927A1B /* Info.plist */ = {isa = PBXFileReference; lastKnownFileType = text.plist.xml; path = Info.plist; sourceTree = "<group>"; };
		AAAC3C4824C3639000F900EE /* MyText.swift */ = {isa = PBXFileReference; lastKnownFileType = sourcecode.swift; path = MyText.swift; sourceTree = "<group>"; };
		AAAC3C4A24C3682800F900EE /* GoogleService-Info.plist */ = {isa = PBXFileReference; fileEncoding = 4; lastKnownFileType = text.plist.xml; path = "GoogleService-Info.plist"; sourceTree = "<group>"; };
		AABF92EC24C211560073C661 /* SearchEventView.swift */ = {isa = PBXFileReference; lastKnownFileType = sourcecode.swift; path = SearchEventView.swift; sourceTree = "<group>"; };
		AABF92EE24C22ABF0073C661 /* SettingsView.swift */ = {isa = PBXFileReference; lastKnownFileType = sourcecode.swift; path = SettingsView.swift; sourceTree = "<group>"; };
		AADC0A5524C1B87C0042CDA0 /* SignView.swift */ = {isa = PBXFileReference; lastKnownFileType = sourcecode.swift; path = SignView.swift; sourceTree = "<group>"; };
		AADC0A5824C1B9630042CDA0 /* User.swift */ = {isa = PBXFileReference; lastKnownFileType = sourcecode.swift; path = User.swift; sourceTree = "<group>"; };
		AADC0A5A24C1C5660042CDA0 /* Event.swift */ = {isa = PBXFileReference; lastKnownFileType = sourcecode.swift; path = Event.swift; sourceTree = "<group>"; };
		AD6145AFA50724DC06167A69 /* Pods-ituEvent.debug.xcconfig */ = {isa = PBXFileReference; includeInIndex = 1; lastKnownFileType = text.xcconfig; name = "Pods-ituEvent.debug.xcconfig"; path = "Target Support Files/Pods-ituEvent/Pods-ituEvent.debug.xcconfig"; sourceTree = "<group>"; };
/* End PBXFileReference section */

/* Begin PBXFrameworksBuildPhase section */
		AA725F1A24C0913100927A1B /* Frameworks */ = {
			isa = PBXFrameworksBuildPhase;
			buildActionMask = 2147483647;
			files = (
				E55FA6AFDAE83844BD60617E /* Pods_ituEvent.framework in Frameworks */,
			);
			runOnlyForDeploymentPostprocessing = 0;
		};
/* End PBXFrameworksBuildPhase section */

/* Begin PBXGroup section */
		3F286169719DA01F77AF0F5A /* Pods */ = {
			isa = PBXGroup;
			children = (
				AD6145AFA50724DC06167A69 /* Pods-ituEvent.debug.xcconfig */,
				A826BD8A16E82748B3D9F38D /* Pods-ituEvent.release.xcconfig */,
			);
			name = Pods;
			path = Pods;
			sourceTree = "<group>";
		};
		AA725F1424C0913100927A1B = {
			isa = PBXGroup;
			children = (
				AA725F1F24C0913100927A1B /* ituEvent */,
				AA725F1E24C0913100927A1B /* Products */,
				3F286169719DA01F77AF0F5A /* Pods */,
				B79BFB1DDA3DF29C36525C19 /* Frameworks */,
			);
			sourceTree = "<group>";
		};
		AA725F1E24C0913100927A1B /* Products */ = {
			isa = PBXGroup;
			children = (
				AA725F1D24C0913100927A1B /* ituEvent.app */,
			);
			name = Products;
			sourceTree = "<group>";
		};
		AA725F1F24C0913100927A1B /* ituEvent */ = {
			isa = PBXGroup;
			children = (
				AA725F2024C0913100927A1B /* AppDelegate.swift */,
				AA725F2224C0913100927A1B /* SceneDelegate.swift */,
				AADC0A5324C1B7BB0042CDA0 /* View */,
				AADC0A5424C1B7DC0042CDA0 /* My */,
				AADC0A5724C1B94D0042CDA0 /* Modal */,
				AA725F2624C0913100927A1B /* Assets.xcassets */,
				AA725F2B24C0913100927A1B /* LaunchScreen.storyboard */,
				AA725F2E24C0913100927A1B /* Info.plist */,
				AAAC3C4A24C3682800F900EE /* GoogleService-Info.plist */,
				AA725F2824C0913100927A1B /* Preview Content */,
			);
			path = ituEvent;
			sourceTree = "<group>";
		};
		AA725F2824C0913100927A1B /* Preview Content */ = {
			isa = PBXGroup;
			children = (
				AA725F2924C0913100927A1B /* Preview Assets.xcassets */,
			);
			path = "Preview Content";
			sourceTree = "<group>";
		};
		AADC0A5324C1B7BB0042CDA0 /* View */ = {
			isa = PBXGroup;
			children = (
				AA725F2424C0913100927A1B /* ContentView.swift */,
				AADC0A5524C1B87C0042CDA0 /* SignView.swift */,
				AA25141824C0EF06006F4D6F /* SignInView.swift */,
				AA25142224C10C0D006F4D6F /* ForgotEmailView.swift */,
				AA25141E24C104F1006F4D6F /* SignUpView.swift */,
				AA25142A24C11E13006F4D6F /* AppView.swift */,
				AABF92EC24C211560073C661 /* SearchEventView.swift */,
				AA25142824C11DF7006F4D6F /* EventsView.swift */,
				AA25142624C11DBC006F4D6F /* ProfileView.swift */,
				AABF92EE24C22ABF0073C661 /* SettingsView.swift */,
				AA25142C24C122EE006F4D6F /* ImagePickerView.swift */,
			);
			path = View;
			sourceTree = "<group>";
		};
		AADC0A5424C1B7DC0042CDA0 /* My */ = {
			isa = PBXGroup;
			children = (
				AA25141C24C0FBFD006F4D6F /* MyTextField.swift */,
				AA25142024C10A3B006F4D6F /* MySecureField.swift */,
				AAAC3C4824C3639000F900EE /* MyText.swift */,
				AA25142424C11A3F006F4D6F /* MyButton.swift */,
				AA25142E24C124C2006F4D6F /* MyImage.swift */,
				AA25141A24C0F1D1006F4D6F /* MyExtensions.swift */,
			);
			path = My;
			sourceTree = "<group>";
		};
		AADC0A5724C1B94D0042CDA0 /* Modal */ = {
			isa = PBXGroup;
			children = (
				AADC0A5824C1B9630042CDA0 /* User.swift */,
				AADC0A5A24C1C5660042CDA0 /* Event.swift */,
			);
			path = Modal;
			sourceTree = "<group>";
		};
		B79BFB1DDA3DF29C36525C19 /* Frameworks */ = {
			isa = PBXGroup;
			children = (
				7BB390180CDFD3B4D3E1440D /* Pods_ituEvent.framework */,
			);
			name = Frameworks;
			sourceTree = "<group>";
		};
/* End PBXGroup section */

/* Begin PBXNativeTarget section */
		AA725F1C24C0913100927A1B /* ituEvent */ = {
			isa = PBXNativeTarget;
			buildConfigurationList = AA725F3124C0913100927A1B /* Build configuration list for PBXNativeTarget "ituEvent" */;
			buildPhases = (
				397AE62C74D025ECA2CE14BF /* [CP] Check Pods Manifest.lock */,
				AA725F1924C0913100927A1B /* Sources */,
				AA725F1A24C0913100927A1B /* Frameworks */,
				AA725F1B24C0913100927A1B /* Resources */,
				7D3869406729788BE9750A07 /* [CP] Embed Pods Frameworks */,
			);
			buildRules = (
			);
			dependencies = (
			);
			name = ituEvent;
			productName = ituEvent;
			productReference = AA725F1D24C0913100927A1B /* ituEvent.app */;
			productType = "com.apple.product-type.application";
		};
/* End PBXNativeTarget section */

/* Begin PBXProject section */
		AA725F1524C0913100927A1B /* Project object */ = {
			isa = PBXProject;
			attributes = {
				LastSwiftUpdateCheck = 1160;
				LastUpgradeCheck = 1160;
				ORGANIZATIONNAME = "Mehmet Karaaslan";
				TargetAttributes = {
					AA725F1C24C0913100927A1B = {
						CreatedOnToolsVersion = 11.6;
					};
				};
			};
			buildConfigurationList = AA725F1824C0913100927A1B /* Build configuration list for PBXProject "ituEvent" */;
			compatibilityVersion = "Xcode 9.3";
			developmentRegion = en;
			hasScannedForEncodings = 0;
			knownRegions = (
				en,
				Base,
			);
			mainGroup = AA725F1424C0913100927A1B;
			productRefGroup = AA725F1E24C0913100927A1B /* Products */;
			projectDirPath = "";
			projectRoot = "";
			targets = (
				AA725F1C24C0913100927A1B /* ituEvent */,
			);
		};
/* End PBXProject section */

/* Begin PBXResourcesBuildPhase section */
		AA725F1B24C0913100927A1B /* Resources */ = {
			isa = PBXResourcesBuildPhase;
			buildActionMask = 2147483647;
			files = (
				AA725F2D24C0913100927A1B /* LaunchScreen.storyboard in Resources */,
				AAAC3C4B24C3682800F900EE /* GoogleService-Info.plist in Resources */,
				AA725F2A24C0913100927A1B /* Preview Assets.xcassets in Resources */,
				AA725F2724C0913100927A1B /* Assets.xcassets in Resources */,
			);
			runOnlyForDeploymentPostprocessing = 0;
		};
/* End PBXResourcesBuildPhase section */

/* Begin PBXShellScriptBuildPhase section */
		397AE62C74D025ECA2CE14BF /* [CP] Check Pods Manifest.lock */ = {
			isa = PBXShellScriptBuildPhase;
			buildActionMask = 2147483647;
			files = (
			);
			inputFileListPaths = (
			);
			inputPaths = (
				"${PODS_PODFILE_DIR_PATH}/Podfile.lock",
				"${PODS_ROOT}/Manifest.lock",
			);
			name = "[CP] Check Pods Manifest.lock";
			outputFileListPaths = (
			);
			outputPaths = (
				"$(DERIVED_FILE_DIR)/Pods-ituEvent-checkManifestLockResult.txt",
			);
			runOnlyForDeploymentPostprocessing = 0;
			shellPath = /bin/sh;
			shellScript = "diff \"${PODS_PODFILE_DIR_PATH}/Podfile.lock\" \"${PODS_ROOT}/Manifest.lock\" > /dev/null\nif [ $? != 0 ] ; then\n    # print error to STDERR\n    echo \"error: The sandbox is not in sync with the Podfile.lock. Run 'pod install' or update your CocoaPods installation.\" >&2\n    exit 1\nfi\n# This output is used by Xcode 'outputs' to avoid re-running this script phase.\necho \"SUCCESS\" > \"${SCRIPT_OUTPUT_FILE_0}\"\n";
			showEnvVarsInLog = 0;
		};
		7D3869406729788BE9750A07 /* [CP] Embed Pods Frameworks */ = {
			isa = PBXShellScriptBuildPhase;
			buildActionMask = 2147483647;
			files = (
			);
			inputFileListPaths = (
				"${PODS_ROOT}/Target Support Files/Pods-ituEvent/Pods-ituEvent-frameworks-${CONFIGURATION}-input-files.xcfilelist",
			);
			name = "[CP] Embed Pods Frameworks";
			outputFileListPaths = (
				"${PODS_ROOT}/Target Support Files/Pods-ituEvent/Pods-ituEvent-frameworks-${CONFIGURATION}-output-files.xcfilelist",
			);
			runOnlyForDeploymentPostprocessing = 0;
			shellPath = /bin/sh;
			shellScript = "\"${PODS_ROOT}/Target Support Files/Pods-ituEvent/Pods-ituEvent-frameworks.sh\"\n";
			showEnvVarsInLog = 0;
		};
/* End PBXShellScriptBuildPhase section */

/* Begin PBXSourcesBuildPhase section */
		AA725F1924C0913100927A1B /* Sources */ = {
			isa = PBXSourcesBuildPhase;
			buildActionMask = 2147483647;
			files = (
				AAAC3C4924C3639000F900EE /* MyText.swift in Sources */,
				AA25142B24C11E13006F4D6F /* AppView.swift in Sources */,
				AA725F2124C0913100927A1B /* AppDelegate.swift in Sources */,
				AA725F2324C0913100927A1B /* SceneDelegate.swift in Sources */,
				AA25141B24C0F1D1006F4D6F /* MyExtensions.swift in Sources */,
				AA25142D24C122EE006F4D6F /* ImagePickerView.swift in Sources */,
				AABF92EF24C22ABF0073C661 /* SettingsView.swift in Sources */,
				AA25141F24C104F1006F4D6F /* SignUpView.swift in Sources */,
				AA25141D24C0FBFD006F4D6F /* MyTextField.swift in Sources */,
				AADC0A5924C1B9630042CDA0 /* User.swift in Sources */,
				AA25142F24C124C2006F4D6F /* MyImage.swift in Sources */,
				AABF92ED24C211560073C661 /* SearchEventView.swift in Sources */,
				AA25141924C0EF06006F4D6F /* SignInView.swift in Sources */,
				AADC0A5B24C1C5660042CDA0 /* Event.swift in Sources */,
				AA25142324C10C0D006F4D6F /* ForgotEmailView.swift in Sources */,
				AA25142524C11A3F006F4D6F /* MyButton.swift in Sources */,
				AA725F2524C0913100927A1B /* ContentView.swift in Sources */,
				AA25142724C11DBC006F4D6F /* ProfileView.swift in Sources */,
				AADC0A5624C1B87C0042CDA0 /* SignView.swift in Sources */,
				AA25142124C10A3B006F4D6F /* MySecureField.swift in Sources */,
				AA25142924C11DF7006F4D6F /* EventsView.swift in Sources */,
			);
			runOnlyForDeploymentPostprocessing = 0;
		};
/* End PBXSourcesBuildPhase section */

/* Begin PBXVariantGroup section */
		AA725F2B24C0913100927A1B /* LaunchScreen.storyboard */ = {
			isa = PBXVariantGroup;
			children = (
				AA725F2C24C0913100927A1B /* Base */,
			);
			name = LaunchScreen.storyboard;
			sourceTree = "<group>";
		};
/* End PBXVariantGroup section */

/* Begin XCBuildConfiguration section */
		AA725F2F24C0913100927A1B /* Debug */ = {
			isa = XCBuildConfiguration;
			buildSettings = {
				ALWAYS_SEARCH_USER_PATHS = NO;
				CLANG_ANALYZER_NONNULL = YES;
				CLANG_ANALYZER_NUMBER_OBJECT_CONVERSION = YES_AGGRESSIVE;
				CLANG_CXX_LANGUAGE_STANDARD = "gnu++14";
				CLANG_CXX_LIBRARY = "libc++";
				CLANG_ENABLE_MODULES = YES;
				CLANG_ENABLE_OBJC_ARC = YES;
				CLANG_ENABLE_OBJC_WEAK = YES;
				CLANG_WARN_BLOCK_CAPTURE_AUTORELEASING = YES;
				CLANG_WARN_BOOL_CONVERSION = YES;
				CLANG_WARN_COMMA = YES;
				CLANG_WARN_CONSTANT_CONVERSION = YES;
				CLANG_WARN_DEPRECATED_OBJC_IMPLEMENTATIONS = YES;
				CLANG_WARN_DIRECT_OBJC_ISA_USAGE = YES_ERROR;
				CLANG_WARN_DOCUMENTATION_COMMENTS = YES;
				CLANG_WARN_EMPTY_BODY = YES;
				CLANG_WARN_ENUM_CONVERSION = YES;
				CLANG_WARN_INFINITE_RECURSION = YES;
				CLANG_WARN_INT_CONVERSION = YES;
				CLANG_WARN_NON_LITERAL_NULL_CONVERSION = YES;
				CLANG_WARN_OBJC_IMPLICIT_RETAIN_SELF = YES;
				CLANG_WARN_OBJC_LITERAL_CONVERSION = YES;
				CLANG_WARN_OBJC_ROOT_CLASS = YES_ERROR;
				CLANG_WARN_RANGE_LOOP_ANALYSIS = YES;
				CLANG_WARN_STRICT_PROTOTYPES = YES;
				CLANG_WARN_SUSPICIOUS_MOVE = YES;
				CLANG_WARN_UNGUARDED_AVAILABILITY = YES_AGGRESSIVE;
				CLANG_WARN_UNREACHABLE_CODE = YES;
				CLANG_WARN__DUPLICATE_METHOD_MATCH = YES;
				COPY_PHASE_STRIP = NO;
				DEBUG_INFORMATION_FORMAT = dwarf;
				ENABLE_STRICT_OBJC_MSGSEND = YES;
				ENABLE_TESTABILITY = YES;
				GCC_C_LANGUAGE_STANDARD = gnu11;
				GCC_DYNAMIC_NO_PIC = NO;
				GCC_NO_COMMON_BLOCKS = YES;
				GCC_OPTIMIZATION_LEVEL = 0;
				GCC_PREPROCESSOR_DEFINITIONS = (
					"DEBUG=1",
					"$(inherited)",
				);
				GCC_WARN_64_TO_32_BIT_CONVERSION = YES;
				GCC_WARN_ABOUT_RETURN_TYPE = YES_ERROR;
				GCC_WARN_UNDECLARED_SELECTOR = YES;
				GCC_WARN_UNINITIALIZED_AUTOS = YES_AGGRESSIVE;
				GCC_WARN_UNUSED_FUNCTION = YES;
				GCC_WARN_UNUSED_VARIABLE = YES;
				IPHONEOS_DEPLOYMENT_TARGET = 13.6;
				MTL_ENABLE_DEBUG_INFO = INCLUDE_SOURCE;
				MTL_FAST_MATH = YES;
				ONLY_ACTIVE_ARCH = YES;
				SDKROOT = iphoneos;
				SWIFT_ACTIVE_COMPILATION_CONDITIONS = DEBUG;
				SWIFT_OPTIMIZATION_LEVEL = "-Onone";
			};
			name = Debug;
		};
		AA725F3024C0913100927A1B /* Release */ = {
			isa = XCBuildConfiguration;
			buildSettings = {
				ALWAYS_SEARCH_USER_PATHS = NO;
				CLANG_ANALYZER_NONNULL = YES;
				CLANG_ANALYZER_NUMBER_OBJECT_CONVERSION = YES_AGGRESSIVE;
				CLANG_CXX_LANGUAGE_STANDARD = "gnu++14";
				CLANG_CXX_LIBRARY = "libc++";
				CLANG_ENABLE_MODULES = YES;
				CLANG_ENABLE_OBJC_ARC = YES;
				CLANG_ENABLE_OBJC_WEAK = YES;
				CLANG_WARN_BLOCK_CAPTURE_AUTORELEASING = YES;
				CLANG_WARN_BOOL_CONVERSION = YES;
				CLANG_WARN_COMMA = YES;
				CLANG_WARN_CONSTANT_CONVERSION = YES;
				CLANG_WARN_DEPRECATED_OBJC_IMPLEMENTATIONS = YES;
				CLANG_WARN_DIRECT_OBJC_ISA_USAGE = YES_ERROR;
				CLANG_WARN_DOCUMENTATION_COMMENTS = YES;
				CLANG_WARN_EMPTY_BODY = YES;
				CLANG_WARN_ENUM_CONVERSION = YES;
				CLANG_WARN_INFINITE_RECURSION = YES;
				CLANG_WARN_INT_CONVERSION = YES;
				CLANG_WARN_NON_LITERAL_NULL_CONVERSION = YES;
				CLANG_WARN_OBJC_IMPLICIT_RETAIN_SELF = YES;
				CLANG_WARN_OBJC_LITERAL_CONVERSION = YES;
				CLANG_WARN_OBJC_ROOT_CLASS = YES_ERROR;
				CLANG_WARN_RANGE_LOOP_ANALYSIS = YES;
				CLANG_WARN_STRICT_PROTOTYPES = YES;
				CLANG_WARN_SUSPICIOUS_MOVE = YES;
				CLANG_WARN_UNGUARDED_AVAILABILITY = YES_AGGRESSIVE;
				CLANG_WARN_UNREACHABLE_CODE = YES;
				CLANG_WARN__DUPLICATE_METHOD_MATCH = YES;
				COPY_PHASE_STRIP = NO;
				DEBUG_INFORMATION_FORMAT = "dwarf-with-dsym";
				ENABLE_NS_ASSERTIONS = NO;
				ENABLE_STRICT_OBJC_MSGSEND = YES;
				GCC_C_LANGUAGE_STANDARD = gnu11;
				GCC_NO_COMMON_BLOCKS = YES;
				GCC_WARN_64_TO_32_BIT_CONVERSION = YES;
				GCC_WARN_ABOUT_RETURN_TYPE = YES_ERROR;
				GCC_WARN_UNDECLARED_SELECTOR = YES;
				GCC_WARN_UNINITIALIZED_AUTOS = YES_AGGRESSIVE;
				GCC_WARN_UNUSED_FUNCTION = YES;
				GCC_WARN_UNUSED_VARIABLE = YES;
				IPHONEOS_DEPLOYMENT_TARGET = 13.6;
				MTL_ENABLE_DEBUG_INFO = NO;
				MTL_FAST_MATH = YES;
				SDKROOT = iphoneos;
				SWIFT_COMPILATION_MODE = wholemodule;
				SWIFT_OPTIMIZATION_LEVEL = "-O";
				VALIDATE_PRODUCT = YES;
			};
			name = Release;
		};
		AA725F3224C0913100927A1B /* Debug */ = {
			isa = XCBuildConfiguration;
			baseConfigurationReference = AD6145AFA50724DC06167A69 /* Pods-ituEvent.debug.xcconfig */;
			buildSettings = {
				ASSETCATALOG_COMPILER_APPICON_NAME = AppIcon;
				CODE_SIGN_STYLE = Automatic;
				DEVELOPMENT_ASSET_PATHS = "\"ituEvent/Preview Content\"";
				DEVELOPMENT_TEAM = 537C8L4LTN;
				ENABLE_PREVIEWS = YES;
				INFOPLIST_FILE = ituEvent/Info.plist;
				LD_RUNPATH_SEARCH_PATHS = (
					"$(inherited)",
					"@executable_path/Frameworks",
				);
				PRODUCT_BUNDLE_IDENTIFIER = MrKaraaslan.ituEvent;
				PRODUCT_NAME = "$(TARGET_NAME)";
				SWIFT_VERSION = 5.0;
				TARGETED_DEVICE_FAMILY = "1,2";
			};
			name = Debug;
		};
		AA725F3324C0913100927A1B /* Release */ = {
			isa = XCBuildConfiguration;
			baseConfigurationReference = A826BD8A16E82748B3D9F38D /* Pods-ituEvent.release.xcconfig */;
			buildSettings = {
				ASSETCATALOG_COMPILER_APPICON_NAME = AppIcon;
				CODE_SIGN_STYLE = Automatic;
				DEVELOPMENT_ASSET_PATHS = "\"ituEvent/Preview Content\"";
				DEVELOPMENT_TEAM = 537C8L4LTN;
				ENABLE_PREVIEWS = YES;
				INFOPLIST_FILE = ituEvent/Info.plist;
				LD_RUNPATH_SEARCH_PATHS = (
					"$(inherited)",
					"@executable_path/Frameworks",
				);
				PRODUCT_BUNDLE_IDENTIFIER = MrKaraaslan.ituEvent;
				PRODUCT_NAME = "$(TARGET_NAME)";
				SWIFT_VERSION = 5.0;
				TARGETED_DEVICE_FAMILY = "1,2";
			};
			name = Release;
		};
/* End XCBuildConfiguration section */

/* Begin XCConfigurationList section */
		AA725F1824C0913100927A1B /* Build configuration list for PBXProject "ituEvent" */ = {
			isa = XCConfigurationList;
			buildConfigurations = (
				AA725F2F24C0913100927A1B /* Debug */,
				AA725F3024C0913100927A1B /* Release */,
			);
			defaultConfigurationIsVisible = 0;
			defaultConfigurationName = Release;
		};
		AA725F3124C0913100927A1B /* Build configuration list for PBXNativeTarget "ituEvent" */ = {
			isa = XCConfigurationList;
			buildConfigurations = (
				AA725F3224C0913100927A1B /* Debug */,
				AA725F3324C0913100927A1B /* Release */,
			);
			defaultConfigurationIsVisible = 0;
			defaultConfigurationName = Release;
		};
/* End XCConfigurationList section */
	};
	rootObject = AA725F1524C0913100927A1B /* Project object */;
}
